
Microsoft Visual Studio Solution File, Format Version 12.00
# Visual Studio Version 17
VisualStudioVersion = 17.2.32526.322
MinimumVisualStudioVersion = 10.0.40219.1
Project("{FAE04EC0-301F-11D3-BF4B-00C04F79EFBC}") = "DataTypes-FloatPointType", "DataTypes-FloatPointType\DataTypes-FloatPointType.csproj", "{D13A6214-F505-4AEA-8876-78D5ADE315C7}"
EndProject
Global
	GlobalSection(SolutionConfigurationPlatforms) = preSolution
		Debug|Any CPU = Debug|Any CPU
		Release|Any CPU = Release|Any CPU
	EndGlobalSection
	GlobalSection(ProjectConfigurationPlatforms) = postSolution
		{D13A6214-F505-4AEA-8876-78D5ADE315C7}.Debug|Any CPU.ActiveCfg = Debug|Any CPU
		{D13A6214-F505-4AEA-8876-78D5ADE315C7}.Debug|Any CPU.Build.0 = Debug|Any CPU
		{D13A6214-F505-4AEA-8876-78D5ADE315C7}.Release|Any CPU.ActiveCfg = Release|Any CPU
		{D13A6214-F505-4AEA-8876-78D5ADE315C7}.Release|Any CPU.Build.0 = Release|Any CPU
	EndGlobalSection
	GlobalSection(SolutionProperties) = preSolution
		HideSolutionNode = FALSE
	EndGlobalSection
	GlobalSection(ExtensibilityGlobals) = postSolution
		SolutionGuid = {FB69CCB9-6C95-4944-904A-55DE7B376CA4}
	EndGlobalSection
EndGlobal
